
Microsoft Visual Studio Solution File, Format Version 12.00
# Visual Studio Version 17
VisualStudioVersion = 17.4.33213.308
MinimumVisualStudioVersion = 10.0.40219.1
Project("{FAE04EC0-301F-11D3-BF4B-00C04F79EFBC}") = "Menyu", "Menyu\Menyu.csproj", "{B15D156F-CE57-4A99-B5EB-46D0B9E85A44}"
EndProject
Global
	GlobalSection(SolutionConfigurationPlatforms) = preSolution
		Debug|Any CPU = Debug|Any CPU
		Release|Any CPU = Release|Any CPU
	EndGlobalSection
	GlobalSection(ProjectConfigurationPlatforms) = postSolution
		{B15D156F-CE57-4A99-B5EB-46D0B9E85A44}.Debug|Any CPU.ActiveCfg = Debug|Any CPU
		{B15D156F-CE57-4A99-B5EB-46D0B9E85A44}.Debug|Any CPU.Build.0 = Debug|Any CPU
		{B15D156F-CE57-4A99-B5EB-46D0B9E85A44}.Release|Any CPU.ActiveCfg = Release|Any CPU
		{B15D156F-CE57-4A99-B5EB-46D0B9E85A44}.Release|Any CPU.Build.0 = Release|Any CPU
	EndGlobalSection
	GlobalSection(SolutionProperties) = preSolution
		HideSolutionNode = FALSE
	EndGlobalSection
	GlobalSection(ExtensibilityGlobals) = postSolution
		SolutionGuid = {CC502F8E-7A87-42AA-8581-B1AC05B64044}
	EndGlobalSection
EndGlobal
